// !$*UTF8*$!
{
	archiveVersion = 1;
	classes = {
	};
	objectVersion = 55;
	objects = {

/* Begin PBXBuildFile section */
		3646264127F8AD56009599F6 /* AppDelegate.swift in Sources */ = {isa = PBXBuildFile; fileRef = 3646264027F8AD56009599F6 /* AppDelegate.swift */; };
		3646264327F8AD56009599F6 /* SceneDelegate.swift in Sources */ = {isa = PBXBuildFile; fileRef = 3646264227F8AD56009599F6 /* SceneDelegate.swift */; };
		3646264527F8AD56009599F6 /* HomeViewController.swift in Sources */ = {isa = PBXBuildFile; fileRef = 3646264427F8AD56009599F6 /* HomeViewController.swift */; };
		3646264A27F8AD57009599F6 /* Assets.xcassets in Resources */ = {isa = PBXBuildFile; fileRef = 3646264927F8AD57009599F6 /* Assets.xcassets */; };
		3646264D27F8AD57009599F6 /* LaunchScreen.storyboard in Resources */ = {isa = PBXBuildFile; fileRef = 3646264B27F8AD57009599F6 /* LaunchScreen.storyboard */; };
		3646265B27F8BDED009599F6 /* TabBarViewController.swift in Sources */ = {isa = PBXBuildFile; fileRef = 3646265A27F8BDED009599F6 /* TabBarViewController.swift */; };
		3646265D27F8BE29009599F6 /* SearchViewController.swift in Sources */ = {isa = PBXBuildFile; fileRef = 3646265C27F8BE29009599F6 /* SearchViewController.swift */; };
		3646265F27F8BE46009599F6 /* LibraryViewController.swift in Sources */ = {isa = PBXBuildFile; fileRef = 3646265E27F8BE46009599F6 /* LibraryViewController.swift */; };
		3646266327F8BEA3009599F6 /* AuthViewController.swift in Sources */ = {isa = PBXBuildFile; fileRef = 3646266227F8BEA3009599F6 /* AuthViewController.swift */; };
		3646266527F8BEB0009599F6 /* WelcomeViewController.swift in Sources */ = {isa = PBXBuildFile; fileRef = 3646266427F8BEB0009599F6 /* WelcomeViewController.swift */; };
		3646266727F8BEC3009599F6 /* SettingViewController.swift in Sources */ = {isa = PBXBuildFile; fileRef = 3646266627F8BEC3009599F6 /* SettingViewController.swift */; };
		3646266927F8BECD009599F6 /* ProfileViewController.swift in Sources */ = {isa = PBXBuildFile; fileRef = 3646266827F8BECD009599F6 /* ProfileViewController.swift */; };
		3646266B27F8BED6009599F6 /* PlayerViewController.swift in Sources */ = {isa = PBXBuildFile; fileRef = 3646266A27F8BED6009599F6 /* PlayerViewController.swift */; };
		3646266D27F8BEE4009599F6 /* PlaylistViewController.swift in Sources */ = {isa = PBXBuildFile; fileRef = 3646266C27F8BEE4009599F6 /* PlaylistViewController.swift */; };
		3646266F27F8BEF7009599F6 /* SearchResultViewController.swift in Sources */ = {isa = PBXBuildFile; fileRef = 3646266E27F8BEF7009599F6 /* SearchResultViewController.swift */; };
		3646267127F8BF2A009599F6 /* AuthManager.swift in Sources */ = {isa = PBXBuildFile; fileRef = 3646267027F8BF2A009599F6 /* AuthManager.swift */; };
		3646267327F8BF3B009599F6 /* APICaller.swift in Sources */ = {isa = PBXBuildFile; fileRef = 3646267227F8BF3B009599F6 /* APICaller.swift */; };
		3646267527F8BFA5009599F6 /* HapticsManager.swift in Sources */ = {isa = PBXBuildFile; fileRef = 3646267427F8BFA5009599F6 /* HapticsManager.swift */; };
		3646267727F8BFC5009599F6 /* Playlist.swift in Sources */ = {isa = PBXBuildFile; fileRef = 3646267627F8BFC5009599F6 /* Playlist.swift */; };
		3646267927F8BFD2009599F6 /* AudioTrack.swift in Sources */ = {isa = PBXBuildFile; fileRef = 3646267827F8BFD2009599F6 /* AudioTrack.swift */; };
		3646267B27F8BFE0009599F6 /* Artist.swift in Sources */ = {isa = PBXBuildFile; fileRef = 3646267A27F8BFE0009599F6 /* Artist.swift */; };
		3646267D27F8BFEC009599F6 /* UserProfile.swift in Sources */ = {isa = PBXBuildFile; fileRef = 3646267C27F8BFEC009599F6 /* UserProfile.swift */; };
		3646267F27F8D1B2009599F6 /* Extentions.swift in Sources */ = {isa = PBXBuildFile; fileRef = 3646267E27F8D1B2009599F6 /* Extentions.swift */; };
/* End PBXBuildFile section */

/* Begin PBXFileReference section */
		3646263D27F8AD56009599F6 /* Spotify.app */ = {isa = PBXFileReference; explicitFileType = wrapper.application; includeInIndex = 0; path = Spotify.app; sourceTree = BUILT_PRODUCTS_DIR; };
		3646264027F8AD56009599F6 /* AppDelegate.swift */ = {isa = PBXFileReference; lastKnownFileType = sourcecode.swift; path = AppDelegate.swift; sourceTree = "<group>"; };
		3646264227F8AD56009599F6 /* SceneDelegate.swift */ = {isa = PBXFileReference; lastKnownFileType = sourcecode.swift; path = SceneDelegate.swift; sourceTree = "<group>"; };
		3646264427F8AD56009599F6 /* HomeViewController.swift */ = {isa = PBXFileReference; lastKnownFileType = sourcecode.swift; path = HomeViewController.swift; sourceTree = "<group>"; };
		3646264927F8AD57009599F6 /* Assets.xcassets */ = {isa = PBXFileReference; lastKnownFileType = folder.assetcatalog; path = Assets.xcassets; sourceTree = "<group>"; };
		3646264C27F8AD57009599F6 /* Base */ = {isa = PBXFileReference; lastKnownFileType = file.storyboard; name = Base; path = Base.lproj/LaunchScreen.storyboard; sourceTree = "<group>"; };
		3646264E27F8AD57009599F6 /* Info.plist */ = {isa = PBXFileReference; lastKnownFileType = text.plist.xml; path = Info.plist; sourceTree = "<group>"; };
		3646265A27F8BDED009599F6 /* TabBarViewController.swift */ = {isa = PBXFileReference; lastKnownFileType = sourcecode.swift; path = TabBarViewController.swift; sourceTree = "<group>"; };
		3646265C27F8BE29009599F6 /* SearchViewController.swift */ = {isa = PBXFileReference; lastKnownFileType = sourcecode.swift; path = SearchViewController.swift; sourceTree = "<group>"; };
		3646265E27F8BE46009599F6 /* LibraryViewController.swift */ = {isa = PBXFileReference; lastKnownFileType = sourcecode.swift; path = LibraryViewController.swift; sourceTree = "<group>"; };
		3646266227F8BEA3009599F6 /* AuthViewController.swift */ = {isa = PBXFileReference; lastKnownFileType = sourcecode.swift; path = AuthViewController.swift; sourceTree = "<group>"; };
		3646266427F8BEB0009599F6 /* WelcomeViewController.swift */ = {isa = PBXFileReference; lastKnownFileType = sourcecode.swift; path = WelcomeViewController.swift; sourceTree = "<group>"; };
		3646266627F8BEC3009599F6 /* SettingViewController.swift */ = {isa = PBXFileReference; lastKnownFileType = sourcecode.swift; path = SettingViewController.swift; sourceTree = "<group>"; };
		3646266827F8BECD009599F6 /* ProfileViewController.swift */ = {isa = PBXFileReference; lastKnownFileType = sourcecode.swift; path = ProfileViewController.swift; sourceTree = "<group>"; };
		3646266A27F8BED6009599F6 /* PlayerViewController.swift */ = {isa = PBXFileReference; lastKnownFileType = sourcecode.swift; path = PlayerViewController.swift; sourceTree = "<group>"; };
		3646266C27F8BEE4009599F6 /* PlaylistViewController.swift */ = {isa = PBXFileReference; lastKnownFileType = sourcecode.swift; path = PlaylistViewController.swift; sourceTree = "<group>"; };
		3646266E27F8BEF7009599F6 /* SearchResultViewController.swift */ = {isa = PBXFileReference; lastKnownFileType = sourcecode.swift; path = SearchResultViewController.swift; sourceTree = "<group>"; };
		3646267027F8BF2A009599F6 /* AuthManager.swift */ = {isa = PBXFileReference; lastKnownFileType = sourcecode.swift; path = AuthManager.swift; sourceTree = "<group>"; };
		3646267227F8BF3B009599F6 /* APICaller.swift */ = {isa = PBXFileReference; lastKnownFileType = sourcecode.swift; path = APICaller.swift; sourceTree = "<group>"; };
		3646267427F8BFA5009599F6 /* HapticsManager.swift */ = {isa = PBXFileReference; lastKnownFileType = sourcecode.swift; path = HapticsManager.swift; sourceTree = "<group>"; };
		3646267627F8BFC5009599F6 /* Playlist.swift */ = {isa = PBXFileReference; lastKnownFileType = sourcecode.swift; path = Playlist.swift; sourceTree = "<group>"; };
		3646267827F8BFD2009599F6 /* AudioTrack.swift */ = {isa = PBXFileReference; lastKnownFileType = sourcecode.swift; path = AudioTrack.swift; sourceTree = "<group>"; };
		3646267A27F8BFE0009599F6 /* Artist.swift */ = {isa = PBXFileReference; lastKnownFileType = sourcecode.swift; path = Artist.swift; sourceTree = "<group>"; };
		3646267C27F8BFEC009599F6 /* UserProfile.swift */ = {isa = PBXFileReference; lastKnownFileType = sourcecode.swift; path = UserProfile.swift; sourceTree = "<group>"; };
		3646267E27F8D1B2009599F6 /* Extentions.swift */ = {isa = PBXFileReference; lastKnownFileType = sourcecode.swift; path = Extentions.swift; sourceTree = "<group>"; };
/* End PBXFileReference section */

/* Begin PBXFrameworksBuildPhase section */
		3646263A27F8AD56009599F6 /* Frameworks */ = {
			isa = PBXFrameworksBuildPhase;
			buildActionMask = 2147483647;
			files = (
			);
			runOnlyForDeploymentPostprocessing = 0;
		};
/* End PBXFrameworksBuildPhase section */

/* Begin PBXGroup section */
		3646263427F8AD56009599F6 = {
			isa = PBXGroup;
			children = (
				3646263F27F8AD56009599F6 /* Spotify */,
				3646263E27F8AD56009599F6 /* Products */,
			);
			sourceTree = "<group>";
		};
		3646263E27F8AD56009599F6 /* Products */ = {
			isa = PBXGroup;
			children = (
				3646263D27F8AD56009599F6 /* Spotify.app */,
			);
			name = Products;
			sourceTree = "<group>";
		};
		3646263F27F8AD56009599F6 /* Spotify */ = {
			isa = PBXGroup;
			children = (
				3646265827F8BA6E009599F6 /* Resources */,
				3646265927F8BA7D009599F6 /* Manager */,
				3646265627F8BA4A009599F6 /* ViewModel */,
				3646265727F8BA57009599F6 /* Model */,
				3646265527F8BA45009599F6 /* View */,
				3646265427F8BA34009599F6 /* Controller */,
				3646264E27F8AD57009599F6 /* Info.plist */,
			);
			path = Spotify;
			sourceTree = "<group>";
		};
		3646265427F8BA34009599F6 /* Controller */ = {
			isa = PBXGroup;
			children = (
				3646266127F8BE7E009599F6 /* Other */,
				3646266027F8BE5D009599F6 /* Core */,
			);
			path = Controller;
			sourceTree = "<group>";
		};
		3646265527F8BA45009599F6 /* View */ = {
			isa = PBXGroup;
			children = (
				3646264B27F8AD57009599F6 /* LaunchScreen.storyboard */,
			);
			path = View;
			sourceTree = "<group>";
		};
		3646265627F8BA4A009599F6 /* ViewModel */ = {
			isa = PBXGroup;
			children = (
			);
			path = ViewModel;
			sourceTree = "<group>";
		};
		3646265727F8BA57009599F6 /* Model */ = {
			isa = PBXGroup;
			children = (
				3646267627F8BFC5009599F6 /* Playlist.swift */,
				3646267827F8BFD2009599F6 /* AudioTrack.swift */,
				3646267A27F8BFE0009599F6 /* Artist.swift */,
				3646267C27F8BFEC009599F6 /* UserProfile.swift */,
			);
			path = Model;
			sourceTree = "<group>";
		};
		3646265827F8BA6E009599F6 /* Resources */ = {
			isa = PBXGroup;
			children = (
				3646264927F8AD57009599F6 /* Assets.xcassets */,
				3646264027F8AD56009599F6 /* AppDelegate.swift */,
				3646264227F8AD56009599F6 /* SceneDelegate.swift */,
				3646267E27F8D1B2009599F6 /* Extentions.swift */,
			);
			path = Resources;
			sourceTree = "<group>";
		};
		3646265927F8BA7D009599F6 /* Manager */ = {
			isa = PBXGroup;
			children = (
				3646267027F8BF2A009599F6 /* AuthManager.swift */,
				3646267227F8BF3B009599F6 /* APICaller.swift */,
				3646267427F8BFA5009599F6 /* HapticsManager.swift */,
			);
			path = Manager;
			sourceTree = "<group>";
		};
		3646266027F8BE5D009599F6 /* Core */ = {
			isa = PBXGroup;
			children = (
				3646264427F8AD56009599F6 /* HomeViewController.swift */,
				3646265A27F8BDED009599F6 /* TabBarViewController.swift */,
				3646265C27F8BE29009599F6 /* SearchViewController.swift */,
				3646265E27F8BE46009599F6 /* LibraryViewController.swift */,
			);
			path = Core;
			sourceTree = "<group>";
		};
		3646266127F8BE7E009599F6 /* Other */ = {
			isa = PBXGroup;
			children = (
				3646266227F8BEA3009599F6 /* AuthViewController.swift */,
				3646266427F8BEB0009599F6 /* WelcomeViewController.swift */,
				3646266627F8BEC3009599F6 /* SettingViewController.swift */,
				3646266827F8BECD009599F6 /* ProfileViewController.swift */,
				3646266A27F8BED6009599F6 /* PlayerViewController.swift */,
				3646266C27F8BEE4009599F6 /* PlaylistViewController.swift */,
				3646266E27F8BEF7009599F6 /* SearchResultViewController.swift */,
			);
			path = Other;
			sourceTree = "<group>";
		};
/* End PBXGroup section */

/* Begin PBXNativeTarget section */
		3646263C27F8AD56009599F6 /* Spotify */ = {
			isa = PBXNativeTarget;
			buildConfigurationList = 3646265127F8AD57009599F6 /* Build configuration list for PBXNativeTarget "Spotify" */;
			buildPhases = (
				3646263927F8AD56009599F6 /* Sources */,
				3646263A27F8AD56009599F6 /* Frameworks */,
				3646263B27F8AD56009599F6 /* Resources */,
			);
			buildRules = (
			);
			dependencies = (
			);
			name = Spotify;
			productName = Spotify;
			productReference = 3646263D27F8AD56009599F6 /* Spotify.app */;
			productType = "com.apple.product-type.application";
		};
/* End PBXNativeTarget section */

/* Begin PBXProject section */
		3646263527F8AD56009599F6 /* Project object */ = {
			isa = PBXProject;
			attributes = {
				BuildIndependentTargetsInParallel = 1;
				LastSwiftUpdateCheck = 1330;
				LastUpgradeCheck = 1330;
				TargetAttributes = {
					3646263C27F8AD56009599F6 = {
						CreatedOnToolsVersion = 13.3;
					};
				};
			};
			buildConfigurationList = 3646263827F8AD56009599F6 /* Build configuration list for PBXProject "Spotify" */;
			compatibilityVersion = "Xcode 13.0";
			developmentRegion = en;
			hasScannedForEncodings = 0;
			knownRegions = (
				en,
				Base,
			);
			mainGroup = 3646263427F8AD56009599F6;
			productRefGroup = 3646263E27F8AD56009599F6 /* Products */;
			projectDirPath = "";
			projectRoot = "";
			targets = (
				3646263C27F8AD56009599F6 /* Spotify */,
			);
		};
/* End PBXProject section */

/* Begin PBXResourcesBuildPhase section */
		3646263B27F8AD56009599F6 /* Resources */ = {
			isa = PBXResourcesBuildPhase;
			buildActionMask = 2147483647;
			files = (
				3646264D27F8AD57009599F6 /* LaunchScreen.storyboard in Resources */,
				3646264A27F8AD57009599F6 /* Assets.xcassets in Resources */,
			);
			runOnlyForDeploymentPostprocessing = 0;
		};
/* End PBXResourcesBuildPhase section */

/* Begin PBXSourcesBuildPhase section */
		3646263927F8AD56009599F6 /* Sources */ = {
			isa = PBXSourcesBuildPhase;
			buildActionMask = 2147483647;
			files = (
				3646265D27F8BE29009599F6 /* SearchViewController.swift in Sources */,
				3646267727F8BFC5009599F6 /* Playlist.swift in Sources */,
				3646267127F8BF2A009599F6 /* AuthManager.swift in Sources */,
				3646266527F8BEB0009599F6 /* WelcomeViewController.swift in Sources */,
				3646266927F8BECD009599F6 /* ProfileViewController.swift in Sources */,
				3646265B27F8BDED009599F6 /* TabBarViewController.swift in Sources */,
				3646264527F8AD56009599F6 /* HomeViewController.swift in Sources */,
				3646267527F8BFA5009599F6 /* HapticsManager.swift in Sources */,
				3646267927F8BFD2009599F6 /* AudioTrack.swift in Sources */,
				3646266327F8BEA3009599F6 /* AuthViewController.swift in Sources */,
				3646266727F8BEC3009599F6 /* SettingViewController.swift in Sources */,
				3646264127F8AD56009599F6 /* AppDelegate.swift in Sources */,
				3646267D27F8BFEC009599F6 /* UserProfile.swift in Sources */,
				3646266D27F8BEE4009599F6 /* PlaylistViewController.swift in Sources */,
				3646267B27F8BFE0009599F6 /* Artist.swift in Sources */,
				3646265F27F8BE46009599F6 /* LibraryViewController.swift in Sources */,
				3646266B27F8BED6009599F6 /* PlayerViewController.swift in Sources */,
				3646266F27F8BEF7009599F6 /* SearchResultViewController.swift in Sources */,
				3646267327F8BF3B009599F6 /* APICaller.swift in Sources */,
				3646264327F8AD56009599F6 /* SceneDelegate.swift in Sources */,
				3646267F27F8D1B2009599F6 /* Extentions.swift in Sources */,
			);
			runOnlyForDeploymentPostprocessing = 0;
		};
/* End PBXSourcesBuildPhase section */

/* Begin PBXVariantGroup section */
		3646264B27F8AD57009599F6 /* LaunchScreen.storyboard */ = {
			isa = PBXVariantGroup;
			children = (
				3646264C27F8AD57009599F6 /* Base */,
			);
			name = LaunchScreen.storyboard;
			sourceTree = "<group>";
		};
/* End PBXVariantGroup section */

/* Begin XCBuildConfiguration section */
		3646264F27F8AD57009599F6 /* Debug */ = {
			isa = XCBuildConfiguration;
			buildSettings = {
				ALWAYS_SEARCH_USER_PATHS = NO;
				CLANG_ANALYZER_NONNULL = YES;
				CLANG_ANALYZER_NUMBER_OBJECT_CONVERSION = YES_AGGRESSIVE;
				CLANG_CXX_LANGUAGE_STANDARD = "gnu++17";
				CLANG_ENABLE_MODULES = YES;
				CLANG_ENABLE_OBJC_ARC = YES;
				CLANG_ENABLE_OBJC_WEAK = YES;
				CLANG_WARN_BLOCK_CAPTURE_AUTORELEASING = YES;
				CLANG_WARN_BOOL_CONVERSION = YES;
				CLANG_WARN_COMMA = YES;
				CLANG_WARN_CONSTANT_CONVERSION = YES;
				CLANG_WARN_DEPRECATED_OBJC_IMPLEMENTATIONS = YES;
				CLANG_WARN_DIRECT_OBJC_ISA_USAGE = YES_ERROR;
				CLANG_WARN_DOCUMENTATION_COMMENTS = YES;
				CLANG_WARN_EMPTY_BODY = YES;
				CLANG_WARN_ENUM_CONVERSION = YES;
				CLANG_WARN_INFINITE_RECURSION = YES;
				CLANG_WARN_INT_CONVERSION = YES;
				CLANG_WARN_NON_LITERAL_NULL_CONVERSION = YES;
				CLANG_WARN_OBJC_IMPLICIT_RETAIN_SELF = YES;
				CLANG_WARN_OBJC_LITERAL_CONVERSION = YES;
				CLANG_WARN_OBJC_ROOT_CLASS = YES_ERROR;
				CLANG_WARN_QUOTED_INCLUDE_IN_FRAMEWORK_HEADER = YES;
				CLANG_WARN_RANGE_LOOP_ANALYSIS = YES;
				CLANG_WARN_STRICT_PROTOTYPES = YES;
				CLANG_WARN_SUSPICIOUS_MOVE = YES;
				CLANG_WARN_UNGUARDED_AVAILABILITY = YES_AGGRESSIVE;
				CLANG_WARN_UNREACHABLE_CODE = YES;
				CLANG_WARN__DUPLICATE_METHOD_MATCH = YES;
				COPY_PHASE_STRIP = NO;
				DEBUG_INFORMATION_FORMAT = dwarf;
				ENABLE_STRICT_OBJC_MSGSEND = YES;
				ENABLE_TESTABILITY = YES;
				GCC_C_LANGUAGE_STANDARD = gnu11;
				GCC_DYNAMIC_NO_PIC = NO;
				GCC_NO_COMMON_BLOCKS = YES;
				GCC_OPTIMIZATION_LEVEL = 0;
				GCC_PREPROCESSOR_DEFINITIONS = (
					"DEBUG=1",
					"$(inherited)",
				);
				GCC_WARN_64_TO_32_BIT_CONVERSION = YES;
				GCC_WARN_ABOUT_RETURN_TYPE = YES_ERROR;
				GCC_WARN_UNDECLARED_SELECTOR = YES;
				GCC_WARN_UNINITIALIZED_AUTOS = YES_AGGRESSIVE;
				GCC_WARN_UNUSED_FUNCTION = YES;
				GCC_WARN_UNUSED_VARIABLE = YES;
				IPHONEOS_DEPLOYMENT_TARGET = 15.4;
				MTL_ENABLE_DEBUG_INFO = INCLUDE_SOURCE;
				MTL_FAST_MATH = YES;
				ONLY_ACTIVE_ARCH = YES;
				SDKROOT = iphoneos;
				SWIFT_ACTIVE_COMPILATION_CONDITIONS = DEBUG;
				SWIFT_OPTIMIZATION_LEVEL = "-Onone";
			};
			name = Debug;
		};
		3646265027F8AD57009599F6 /* Release */ = {
			isa = XCBuildConfiguration;
			buildSettings = {
				ALWAYS_SEARCH_USER_PATHS = NO;
				CLANG_ANALYZER_NONNULL = YES;
				CLANG_ANALYZER_NUMBER_OBJECT_CONVERSION = YES_AGGRESSIVE;
				CLANG_CXX_LANGUAGE_STANDARD = "gnu++17";
				CLANG_ENABLE_MODULES = YES;
				CLANG_ENABLE_OBJC_ARC = YES;
				CLANG_ENABLE_OBJC_WEAK = YES;
				CLANG_WARN_BLOCK_CAPTURE_AUTORELEASING = YES;
				CLANG_WARN_BOOL_CONVERSION = YES;
				CLANG_WARN_COMMA = YES;
				CLANG_WARN_CONSTANT_CONVERSION = YES;
				CLANG_WARN_DEPRECATED_OBJC_IMPLEMENTATIONS = YES;
				CLANG_WARN_DIRECT_OBJC_ISA_USAGE = YES_ERROR;
				CLANG_WARN_DOCUMENTATION_COMMENTS = YES;
				CLANG_WARN_EMPTY_BODY = YES;
				CLANG_WARN_ENUM_CONVERSION = YES;
				CLANG_WARN_INFINITE_RECURSION = YES;
				CLANG_WARN_INT_CONVERSION = YES;
				CLANG_WARN_NON_LITERAL_NULL_CONVERSION = YES;
				CLANG_WARN_OBJC_IMPLICIT_RETAIN_SELF = YES;
				CLANG_WARN_OBJC_LITERAL_CONVERSION = YES;
				CLANG_WARN_OBJC_ROOT_CLASS = YES_ERROR;
				CLANG_WARN_QUOTED_INCLUDE_IN_FRAMEWORK_HEADER = YES;
				CLANG_WARN_RANGE_LOOP_ANALYSIS = YES;
				CLANG_WARN_STRICT_PROTOTYPES = YES;
				CLANG_WARN_SUSPICIOUS_MOVE = YES;
				CLANG_WARN_UNGUARDED_AVAILABILITY = YES_AGGRESSIVE;
				CLANG_WARN_UNREACHABLE_CODE = YES;
				CLANG_WARN__DUPLICATE_METHOD_MATCH = YES;
				COPY_PHASE_STRIP = NO;
				DEBUG_INFORMATION_FORMAT = "dwarf-with-dsym";
				ENABLE_NS_ASSERTIONS = NO;
				ENABLE_STRICT_OBJC_MSGSEND = YES;
				GCC_C_LANGUAGE_STANDARD = gnu11;
				GCC_NO_COMMON_BLOCKS = YES;
				GCC_WARN_64_TO_32_BIT_CONVERSION = YES;
				GCC_WARN_ABOUT_RETURN_TYPE = YES_ERROR;
				GCC_WARN_UNDECLARED_SELECTOR = YES;
				GCC_WARN_UNINITIALIZED_AUTOS = YES_AGGRESSIVE;
				GCC_WARN_UNUSED_FUNCTION = YES;
				GCC_WARN_UNUSED_VARIABLE = YES;
				IPHONEOS_DEPLOYMENT_TARGET = 15.4;
				MTL_ENABLE_DEBUG_INFO = NO;
				MTL_FAST_MATH = YES;
				SDKROOT = iphoneos;
				SWIFT_COMPILATION_MODE = wholemodule;
				SWIFT_OPTIMIZATION_LEVEL = "-O";
				VALIDATE_PRODUCT = YES;
			};
			name = Release;
		};
		3646265227F8AD57009599F6 /* Debug */ = {
			isa = XCBuildConfiguration;
			buildSettings = {
				ASSETCATALOG_COMPILER_APPICON_NAME = AppIcon;
				ASSETCATALOG_COMPILER_GLOBAL_ACCENT_COLOR_NAME = AccentColor;
				CODE_SIGN_STYLE = Automatic;
				CURRENT_PROJECT_VERSION = 1;
				DEVELOPMENT_TEAM = ND56YYF4X4;
				GENERATE_INFOPLIST_FILE = YES;
				INFOPLIST_FILE = Spotify/Info.plist;
				INFOPLIST_KEY_UIApplicationSupportsIndirectInputEvents = YES;
				INFOPLIST_KEY_UILaunchStoryboardName = LaunchScreen;
				INFOPLIST_KEY_UIMainStoryboardFile = Main;
				INFOPLIST_KEY_UISupportedInterfaceOrientations = "UIInterfaceOrientationPortrait UIInterfaceOrientationLandscapeLeft UIInterfaceOrientationLandscapeRight";
				INFOPLIST_KEY_UISupportedInterfaceOrientations_iPad = "UIInterfaceOrientationPortrait UIInterfaceOrientationPortraitUpsideDown UIInterfaceOrientationLandscapeLeft UIInterfaceOrientationLandscapeRight";
				INFOPLIST_KEY_UISupportedInterfaceOrientations_iPhone = "UIInterfaceOrientationPortrait UIInterfaceOrientationLandscapeLeft UIInterfaceOrientationLandscapeRight";
				LD_RUNPATH_SEARCH_PATHS = (
					"$(inherited)",
					"@executable_path/Frameworks",
				);
				MARKETING_VERSION = 1.0;
				PRODUCT_BUNDLE_IDENTIFIER = NguyenHT.Spotify;
				PRODUCT_NAME = "$(TARGET_NAME)";
				SWIFT_EMIT_LOC_STRINGS = YES;
				SWIFT_VERSION = 5.0;
				TARGETED_DEVICE_FAMILY = "1,2";
			};
			name = Debug;
		};
		3646265327F8AD57009599F6 /* Release */ = {
			isa = XCBuildConfiguration;
			buildSettings = {
				ASSETCATALOG_COMPILER_APPICON_NAME = AppIcon;
				ASSETCATALOG_COMPILER_GLOBAL_ACCENT_COLOR_NAME = AccentColor;
				CODE_SIGN_STYLE = Automatic;
				CURRENT_PROJECT_VERSION = 1;
				DEVELOPMENT_TEAM = ND56YYF4X4;
				GENERATE_INFOPLIST_FILE = YES;
				INFOPLIST_FILE = Spotify/Info.plist;
				INFOPLIST_KEY_UIApplicationSupportsIndirectInputEvents = YES;
				INFOPLIST_KEY_UILaunchStoryboardName = LaunchScreen;
				INFOPLIST_KEY_UIMainStoryboardFile = Main;
				INFOPLIST_KEY_UISupportedInterfaceOrientations = "UIInterfaceOrientationPortrait UIInterfaceOrientationLandscapeLeft UIInterfaceOrientationLandscapeRight";
				INFOPLIST_KEY_UISupportedInterfaceOrientations_iPad = "UIInterfaceOrientationPortrait UIInterfaceOrientationPortraitUpsideDown UIInterfaceOrientationLandscapeLeft UIInterfaceOrientationLandscapeRight";
				INFOPLIST_KEY_UISupportedInterfaceOrientations_iPhone = "UIInterfaceOrientationPortrait UIInterfaceOrientationLandscapeLeft UIInterfaceOrientationLandscapeRight";
				LD_RUNPATH_SEARCH_PATHS = (
					"$(inherited)",
					"@executable_path/Frameworks",
				);
				MARKETING_VERSION = 1.0;
				PRODUCT_BUNDLE_IDENTIFIER = NguyenHT.Spotify;
				PRODUCT_NAME = "$(TARGET_NAME)";
				SWIFT_EMIT_LOC_STRINGS = YES;
				SWIFT_VERSION = 5.0;
				TARGETED_DEVICE_FAMILY = "1,2";
			};
			name = Release;
		};
/* End XCBuildConfiguration section */

/* Begin XCConfigurationList section */
		3646263827F8AD56009599F6 /* Build configuration list for PBXProject "Spotify" */ = {
			isa = XCConfigurationList;
			buildConfigurations = (
				3646264F27F8AD57009599F6 /* Debug */,
				3646265027F8AD57009599F6 /* Release */,
			);
			defaultConfigurationIsVisible = 0;
			defaultConfigurationName = Release;
		};
		3646265127F8AD57009599F6 /* Build configuration list for PBXNativeTarget "Spotify" */ = {
			isa = XCConfigurationList;
			buildConfigurations = (
				3646265227F8AD57009599F6 /* Debug */,
				3646265327F8AD57009599F6 /* Release */,
			);
			defaultConfigurationIsVisible = 0;
			defaultConfigurationName = Release;
		};
/* End XCConfigurationList section */
	};
	rootObject = 3646263527F8AD56009599F6 /* Project object */;
}
